
Microsoft Visual Studio Solution File, Format Version 12.00
# Visual Studio Version 17
VisualStudioVersion = 17.5.002.0
MinimumVisualStudioVersion = 10.0.40219.1
Project("{9A19103F-16F7-4668-BE54-9A1E7A4F7556}") = "Task2S-1", "Task2S-1.csproj", "{DA0ADC6C-51AD-4160-BDD5-39697BEACF4E}"
EndProject
Global
	GlobalSection(SolutionConfigurationPlatforms) = preSolution
		Debug|Any CPU = Debug|Any CPU
		Release|Any CPU = Release|Any CPU
	EndGlobalSection
	GlobalSection(ProjectConfigurationPlatforms) = postSolution
		{DA0ADC6C-51AD-4160-BDD5-39697BEACF4E}.Debug|Any CPU.ActiveCfg = Debug|Any CPU
		{DA0ADC6C-51AD-4160-BDD5-39697BEACF4E}.Debug|Any CPU.Build.0 = Debug|Any CPU
		{DA0ADC6C-51AD-4160-BDD5-39697BEACF4E}.Release|Any CPU.ActiveCfg = Release|Any CPU
		{DA0ADC6C-51AD-4160-BDD5-39697BEACF4E}.Release|Any CPU.Build.0 = Release|Any CPU
	EndGlobalSection
	GlobalSection(SolutionProperties) = preSolution
		HideSolutionNode = FALSE
	EndGlobalSection
	GlobalSection(ExtensibilityGlobals) = postSolution
		SolutionGuid = {ABCA4C75-532A-4D76-A054-0D3AB5C167E3}
	EndGlobalSection
EndGlobal
