
Microsoft Visual Studio Solution File, Format Version 12.00
# Visual Studio Version 17
VisualStudioVersion = 17.5.002.0
MinimumVisualStudioVersion = 10.0.40219.1
Project("{9A19103F-16F7-4668-BE54-9A1E7A4F7556}") = "Task2O-2", "Task2O-2.csproj", "{760BD7A7-DD2D-4A86-AC4D-FE075BBBEE1A}"
EndProject
Global
	GlobalSection(SolutionConfigurationPlatforms) = preSolution
		Debug|Any CPU = Debug|Any CPU
		Release|Any CPU = Release|Any CPU
	EndGlobalSection
	GlobalSection(ProjectConfigurationPlatforms) = postSolution
		{760BD7A7-DD2D-4A86-AC4D-FE075BBBEE1A}.Debug|Any CPU.ActiveCfg = Debug|Any CPU
		{760BD7A7-DD2D-4A86-AC4D-FE075BBBEE1A}.Debug|Any CPU.Build.0 = Debug|Any CPU
		{760BD7A7-DD2D-4A86-AC4D-FE075BBBEE1A}.Release|Any CPU.ActiveCfg = Release|Any CPU
		{760BD7A7-DD2D-4A86-AC4D-FE075BBBEE1A}.Release|Any CPU.Build.0 = Release|Any CPU
	EndGlobalSection
	GlobalSection(SolutionProperties) = preSolution
		HideSolutionNode = FALSE
	EndGlobalSection
	GlobalSection(ExtensibilityGlobals) = postSolution
		SolutionGuid = {6065F87A-8BF5-46AE-9471-ADB56561AA85}
	EndGlobalSection
EndGlobal
