
Microsoft Visual Studio Solution File, Format Version 12.00
# Visual Studio Version 17
VisualStudioVersion = 17.5.002.0
MinimumVisualStudioVersion = 10.0.40219.1
Project("{9A19103F-16F7-4668-BE54-9A1E7A4F7556}") = "Task2G-2", "Task2G-2.csproj", "{F1EC8446-7A1A-4830-A21A-288843EFA3DE}"
EndProject
Project("{FAE04EC0-301F-11D3-BF4B-00C04F79EFBC}") = "Task2G-3", "..\Task2G-3\Task2G-3.csproj", "{43CA3120-4069-4C84-9A1B-8D88E61E5DB9}"
EndProject
Global
	GlobalSection(SolutionConfigurationPlatforms) = preSolution
		Debug|Any CPU = Debug|Any CPU
		Release|Any CPU = Release|Any CPU
	EndGlobalSection
	GlobalSection(ProjectConfigurationPlatforms) = postSolution
		{F1EC8446-7A1A-4830-A21A-288843EFA3DE}.Debug|Any CPU.ActiveCfg = Debug|Any CPU
		{F1EC8446-7A1A-4830-A21A-288843EFA3DE}.Debug|Any CPU.Build.0 = Debug|Any CPU
		{F1EC8446-7A1A-4830-A21A-288843EFA3DE}.Release|Any CPU.ActiveCfg = Release|Any CPU
		{F1EC8446-7A1A-4830-A21A-288843EFA3DE}.Release|Any CPU.Build.0 = Release|Any CPU
		{43CA3120-4069-4C84-9A1B-8D88E61E5DB9}.Debug|Any CPU.ActiveCfg = Debug|Any CPU
		{43CA3120-4069-4C84-9A1B-8D88E61E5DB9}.Debug|Any CPU.Build.0 = Debug|Any CPU
		{43CA3120-4069-4C84-9A1B-8D88E61E5DB9}.Release|Any CPU.ActiveCfg = Release|Any CPU
		{43CA3120-4069-4C84-9A1B-8D88E61E5DB9}.Release|Any CPU.Build.0 = Release|Any CPU
	EndGlobalSection
	GlobalSection(SolutionProperties) = preSolution
		HideSolutionNode = FALSE
	EndGlobalSection
	GlobalSection(ExtensibilityGlobals) = postSolution
		SolutionGuid = {4CA7E648-1A40-4156-9CEA-F23218B66E77}
	EndGlobalSection
EndGlobal
